<?xml version="1.0" encoding="utf-8"?>
<Project ToolsVersion="4.0" xmlns="http://schemas.microsoft.com/developer/msbuild/2003">
  <ItemGroup>
    <ClCompile Include="Main.cpp" />
    <ClCompile Include="Debug.cpp">
      <Filter>UI</Filter>
    </ClCompile>
    <ClCompile Include="HUD.cpp">
      <Filter>UI</Filter>
    </ClCompile>
    <ClCompile Include="HUDObject.cpp">
      <Filter>UI</Filter>
    </ClCompile>
    <ClCompile Include="CameraControl.cpp">
      <Filter>Gameplay</Filter>
    </ClCompile>
    <ClCompile Include="DamageControl.cpp">
      <Filter>Gameplay</Filter>
    </ClCompile>
    <ClCompile Include="Destructable.cpp">
      <Filter>Gameplay</Filter>
    </ClCompile>
    <ClCompile Include="Enemy.cpp">
      <Filter>Gameplay</Filter>
    </ClCompile>
    <ClCompile Include="HealthManager.cpp">
      <Filter>Gameplay</Filter>
    </ClCompile>
    <ClCompile Include="Player.cpp">
      <Filter>Gameplay</Filter>
    </ClCompile>
    <ClCompile Include="Resource.cpp">
      <Filter>Gameplay</Filter>
    </ClCompile>
    <ClCompile Include="Animation.cpp">
      <Filter>Gameplay</Filter>
    </ClCompile>
    <ClCompile Include="BulletPhysics.cpp">
      <Filter>Physics</Filter>
    </ClCompile>
    <ClCompile Include="PhysicsObject.cpp">
      <Filter>Physics</Filter>
    </ClCompile>
    <ClCompile Include="LayerAndTag.cpp">
      <Filter>Physics</Filter>
    </ClCompile>
    <ClCompile Include="ExampleScene.cpp">
      <Filter>Scenes</Filter>
    </ClCompile>
    <ClCompile Include="PhysicsScene.cpp">
      <Filter>Scenes</Filter>
    </ClCompile>
    <ClCompile Include="Scene.cpp">
      <Filter>Scenes</Filter>
    </ClCompile>
    <ClCompile Include="GameTechRenderer.cpp">
      <Filter>Renderer</Filter>
    </ClCompile>
    <ClCompile Include="RenderObject.cpp">
      <Filter>Renderer</Filter>
    </ClCompile>
    <ClCompile Include="Transform.cpp">
      <Filter>Gameplay</Filter>
    </ClCompile>
    <ClCompile Include="GameObject.cpp">
      <Filter>Gameplay</Filter>
    </ClCompile>
    <ClCompile Include="GameWorld.cpp">
      <Filter>Gameplay</Filter>
    </ClCompile>
    <ClCompile Include="InputManager.cpp">
      <Filter>Tools</Filter>
    </ClCompile>
    <ClCompile Include="utils.cpp">
      <Filter>Tools</Filter>
    </ClCompile>
    <ClCompile Include="Console.cpp">
      <Filter>Tools</Filter>
    </ClCompile>
    <ClCompile Include="DebugMenu.cpp">
      <Filter>Tools</Filter>
    </ClCompile>
    <ClCompile Include="NetworkScene.cpp">
      <Filter>Scenes</Filter>
    </ClCompile>
  </ItemGroup>
  <ItemGroup>
    <ClInclude Include="Debug.h">
      <Filter>UI</Filter>
    </ClInclude>
    <ClInclude Include="HUD.h">
      <Filter>UI</Filter>
    </ClInclude>
    <ClInclude Include="HUDObject.h">
      <Filter>UI</Filter>
    </ClInclude>
    <ClInclude Include="CameraControl.h">
      <Filter>Gameplay</Filter>
    </ClInclude>
    <ClInclude Include="DamageControl.h">
      <Filter>Gameplay</Filter>
    </ClInclude>
    <ClInclude Include="Destructable.h">
      <Filter>Gameplay</Filter>
    </ClInclude>
    <ClInclude Include="Enemy.h">
      <Filter>Gameplay</Filter>
    </ClInclude>
    <ClInclude Include="HealthManager.h">
      <Filter>Gameplay</Filter>
    </ClInclude>
    <ClInclude Include="Player.h">
      <Filter>Gameplay</Filter>
    </ClInclude>
    <ClInclude Include="Resource.h">
      <Filter>Gameplay</Filter>
    </ClInclude>
    <ClInclude Include="Animation.h">
      <Filter>Gameplay</Filter>
    </ClInclude>
    <ClInclude Include="BulletPhysics.h">
      <Filter>Physics</Filter>
    </ClInclude>
    <ClInclude Include="PhysicsObject.h">
      <Filter>Physics</Filter>
    </ClInclude>
    <ClInclude Include="LayerAndTag.h">
      <Filter>Physics</Filter>
    </ClInclude>
    <ClInclude Include="ExampleScene.h">
      <Filter>Scenes</Filter>
    </ClInclude>
    <ClInclude Include="PhysicsScene.h">
      <Filter>Scenes</Filter>
    </ClInclude>
    <ClInclude Include="Scene.h">
      <Filter>Scenes</Filter>
    </ClInclude>
    <ClInclude Include="Light.h">
      <Filter>Renderer</Filter>
    </ClInclude>
    <ClInclude Include="GameTechRenderer.h">
      <Filter>Renderer</Filter>
    </ClInclude>
    <ClInclude Include="RenderObject.h">
      <Filter>Renderer</Filter>
    </ClInclude>
    <ClInclude Include="Transform.h">
      <Filter>Gameplay</Filter>
    </ClInclude>
    <ClInclude Include="GameObject.h">
      <Filter>Gameplay</Filter>
    </ClInclude>
    <ClInclude Include="GameWorld.h">
      <Filter>Gameplay</Filter>
    </ClInclude>
    <ClInclude Include="InputManager.h">
      <Filter>Tools</Filter>
    </ClInclude>
    <ClInclude Include="utils.h">
      <Filter>Tools</Filter>
    </ClInclude>
    <ClInclude Include="Console.h">
      <Filter>Tools</Filter>
    </ClInclude>
    <ClInclude Include="DebugMenu.h">
      <Filter>Tools</Filter>
    </ClInclude>
    <ClInclude Include="NetworkScene.h">
      <Filter>Scenes</Filter>
    </ClInclude>
  </ItemGroup>
  <ItemGroup>
    <Filter Include="UI">
      <UniqueIdentifier>{65185d74-661f-44bf-a15c-da10dd11a234}</UniqueIdentifier>
    </Filter>
    <Filter Include="Gameplay">
      <UniqueIdentifier>{29a05a70-3273-440e-9e90-2bbd34176227}</UniqueIdentifier>
    </Filter>
    <Filter Include="Physics">
      <UniqueIdentifier>{a7768226-a3cd-4f3d-9786-9bb882951e5b}</UniqueIdentifier>
    </Filter>
    <Filter Include="Scenes">
      <UniqueIdentifier>{7cac2c00-a07f-4124-843d-4dec22310e6b}</UniqueIdentifier>
    </Filter>
    <Filter Include="Renderer">
      <UniqueIdentifier>{16844d55-9d89-4aa1-9b52-fb2595c310ec}</UniqueIdentifier>
    </Filter>
    <Filter Include="Tools">
      <UniqueIdentifier>{a0406ac3-d37e-4681-8652-768347c6e481}</UniqueIdentifier>
    </Filter>
  </ItemGroup>
</Project>