<?xml version="1.0" encoding="utf-8"?>
<Project ToolsVersion="4.0" xmlns="http://schemas.microsoft.com/developer/msbuild/2003">
  <ItemGroup>
    <ClCompile Include="Animation.cpp" />
    <ClCompile Include="BulletPhysics.cpp" />
    <ClCompile Include="Component.cpp" />
    <ClCompile Include="Console.cpp" />
    <ClCompile Include="Debug.cpp" />
    <ClCompile Include="DebugMenu.cpp" />
    <ClCompile Include="ExampleScene.cpp" />
    <ClCompile Include="Game.cpp" />
    <ClCompile Include="GameObject.cpp" />
    <ClCompile Include="GameScene.cpp" />
    <ClCompile Include="GameTechRenderer.cpp" />
    <ClCompile Include="GameWorld.cpp" />
    <ClCompile Include="HUD.cpp" />
    <ClCompile Include="HUDObject.cpp" />
    <ClCompile Include="InputManager.cpp" />
    <ClCompile Include="LayerAndTag.cpp" />
    <ClCompile Include="Main.cpp" />
    <ClCompile Include="PhysicsObject.cpp" />
    <ClCompile Include="PhysicsScene.cpp" />
    <ClCompile Include="RenderObject.cpp" />
    <ClCompile Include="Scene.cpp" />
    <ClCompile Include="SpherePrefab.cpp" />
    <ClCompile Include="ScriptObject.cpp" />
    <ClCompile Include="Transform.cpp" />
    <ClCompile Include="CubePrefab.cpp">
      <Filter>Prefabs</Filter>
    </ClCompile>
    <ClCompile Include="PlayerPrefab.cpp">
      <Filter>Prefabs</Filter>
    </ClCompile>
    <ClCompile Include="ResourcePrefab.cpp">
      <Filter>Prefabs</Filter>
    </ClCompile>
    <ClCompile Include="SpherePrefab.cpp">
      <Filter>Prefabs</Filter>
    </ClCompile>
    <ClCompile Include="Destructible.cpp">
      <Filter>Gameplay</Filter>
    </ClCompile>
    <ClCompile Include="LevelScene.cpp">
      <Filter>Scenes</Filter>
    </ClCompile>
    <ClCompile Include="WallPrefab.cpp">
      <Filter>Prefabs</Filter>
    </ClCompile>
    <ClCompile Include="StallPrefab.cpp">
      <Filter>Prefabs</Filter>
    </ClCompile>
    <ClCompile Include="TentPrefab.cpp">
      <Filter>Prefabs</Filter>
    </ClCompile>
    <ClCompile Include="MarketPrefab.cpp">
      <Filter>Prefabs</Filter>
    </ClCompile>
    <ClCompile Include="WellPrefab.cpp">
      <Filter>Prefabs</Filter>
    </ClCompile>
    <ClCompile Include="CastlePrefab.cpp">
      <Filter>Prefabs</Filter>
    </ClCompile>
    <ClCompile Include="TowerPrefab.cpp">
      <Filter>Prefabs</Filter>
    </ClCompile>
    <ClCompile Include="CannonPrefab.cpp">
      <Filter>Prefabs</Filter>
    </ClCompile>
    <ClCompile Include="DWallPrefab.cpp">
      <Filter>Prefabs</Filter>
    </ClCompile>
    <ClCompile Include="CartPrefab.cpp">
      <Filter>Prefabs</Filter>
    </ClCompile>
    <ClCompile Include="Game.cpp">
      <Filter>Engine</Filter>
    </ClCompile>
    <ClCompile Include="GameScene.cpp">
      <Filter>Scenes</Filter>
    </ClCompile>
    <ClCompile Include="State.cpp">
      <Filter>Tools</Filter>
    </ClCompile>
    <ClCompile Include="StateTransition.cpp">
      <Filter>Tools</Filter>
    </ClCompile>
    <ClCompile Include="StateMachine.cpp">
      <Filter>Tools</Filter>
    </ClCompile>
    <ClCompile Include="PauseMenu.cpp">
      <Filter>UI</Filter>
    </ClCompile>
    <ClCompile Include="MenuScene.cpp">
      <Filter>Scenes</Filter>
    </ClCompile>
    <ClCompile Include="Animator.cpp">
      <Filter>Gameplay</Filter>
    </ClCompile>
    <ClCompile Include="Component.cpp">
      <Filter>Gameplay</Filter>
    </ClCompile>
    <ClCompile Include="TypeId.cpp">
      <Filter>Gameplay</Filter>
    </ClCompile>
    <ClCompile Include="NetworkEntity.h">
      <Filter>Networking</Filter>
    </ClCompile>
    <ClCompile Include="NetworkManager.cpp">
      <Filter>Networking</Filter>
    </ClCompile>
    <ClCompile Include="NetworkClient.cpp">
      <Filter>Networking</Filter>
    </ClCompile>
    <ClCompile Include="NetworkServer.cpp">
      <Filter>Networking</Filter>
    </ClCompile>
    <ClCompile Include="NetworkExampleScene.cpp">
      <Filter>Scenes</Filter>
    </ClCompile>
    <ClCompile Include="Destructible.cpp">
      <Filter>Scripts</Filter>
    </ClCompile>
    <ClCompile Include="GunControl.cpp">
      <Filter>Scripts</Filter>
    </ClCompile>
    <ClCompile Include="HammerControl.cpp">
      <Filter>Scripts</Filter>
    </ClCompile>
    <ClCompile Include="ShieldControl.cpp">
      <Filter>Scripts</Filter>
    </ClCompile>
    <ClCompile Include="TypeId.cpp">
      <Filter>Engine</Filter>
    </ClCompile>
    <ClCompile Include="BigGunControl.cpp">
      <Filter>Scripts</Filter>
    </ClCompile>
    <ClCompile Include="CameraControl.cpp">
      <Filter>Scripts</Filter>
    </ClCompile>
    <ClCompile Include="DamageControl.cpp">
      <Filter>Scripts</Filter>
    </ClCompile>
    <ClCompile Include="Enemy.cpp">
      <Filter>Scripts</Filter>
    </ClCompile>
    <ClCompile Include="HealthManager.cpp">
      <Filter>Scripts</Filter>
    </ClCompile>
    <ClCompile Include="Player.cpp">
      <Filter>Scripts</Filter>
    </ClCompile>
    <ClCompile Include="Resource.cpp">
      <Filter>Scripts</Filter>
    </ClCompile>
    <ClCompile Include="AirStrikeControl.cpp">
      <Filter>Scripts</Filter>
    </ClCompile>
    <ClCompile Include="FunctionTimerManager.cpp">
      <Filter>Engine</Filter>
    </ClCompile>
    <ClCompile Include="FunctionTimer.cpp">
      <Filter>Engine</Filter>
    </ClCompile>
    <ClCompile Include="ParticleSystem.cpp" />
    <ClCompile Include="ConePrefab.cpp">
      <Filter>Prefabs</Filter>
    </ClCompile>
    <ClCompile Include="CylinderPrefab.cpp">
      <Filter>Prefabs</Filter>
    </ClCompile>
  </ItemGroup>
  <ItemGroup>
    <ClInclude Include="Animation.h" />
    <ClInclude Include="BulletPhysics.h" />
    <ClInclude Include="Component.h" />
    <ClInclude Include="Console.h" />
    <ClInclude Include="Debug.h" />
    <ClInclude Include="DebugMenu.h" />
    <ClInclude Include="ExampleScene.h" />
    <ClInclude Include="Game.h" />
    <ClInclude Include="GameObject.h" />
    <ClInclude Include="GameScene.h" />
    <ClInclude Include="GameTechRenderer.h" />
    <ClInclude Include="GameWorld.h" />
    <ClInclude Include="HUD.h" />
    <ClInclude Include="HUDObject.h" />
    <ClInclude Include="InputManager.h" />
    <ClInclude Include="LayerAndTag.h" />
    <ClInclude Include="PhysicsObject.h" />
    <ClInclude Include="Light.h" />
    <ClInclude Include="PhysicsScene.h" />
    <ClInclude Include="RenderObject.h" />
    <ClInclude Include="Scene.h" />
    <ClInclude Include="SpherePrefab.h" />
    <ClInclude Include="ScriptObject.h" />
    <ClInclude Include="Transform.h" />
    <ClCompile Include="Main.cpp" />
    <ClCompile Include="Debug.cpp">
      <Filter>UI</Filter>
    </ClCompile>
    <ClCompile Include="HUD.cpp">
      <Filter>UI</Filter>
    </ClCompile>
    <ClCompile Include="HUDObject.cpp">
      <Filter>UI</Filter>
    </ClCompile>
    <ClCompile Include="CameraControl.cpp">
      <Filter>Gameplay</Filter>
    </ClCompile>
    <ClCompile Include="DamageControl.cpp">
      <Filter>Gameplay</Filter>
    </ClCompile>
    <ClCompile Include="Enemy.cpp">
      <Filter>Gameplay</Filter>
    </ClCompile>
    <ClCompile Include="HealthManager.cpp">
      <Filter>Gameplay</Filter>
    </ClCompile>
    <ClCompile Include="Player.cpp">
      <Filter>Gameplay</Filter>
    </ClCompile>
    <ClCompile Include="Resource.cpp">
      <Filter>Gameplay</Filter>
    </ClCompile>
    <ClCompile Include="Animation.cpp">
      <Filter>Gameplay</Filter>
    </ClCompile>
    <ClCompile Include="BulletPhysics.cpp">
      <Filter>Physics</Filter>
    </ClCompile>
    <ClCompile Include="PhysicsObject.cpp">
      <Filter>Physics</Filter>
    </ClCompile>
    <ClCompile Include="LayerAndTag.cpp">
      <Filter>Physics</Filter>
    </ClCompile>
    <ClCompile Include="ExampleScene.cpp">
      <Filter>Scenes</Filter>
    </ClCompile>
    <ClCompile Include="PhysicsScene.cpp">
      <Filter>Scenes</Filter>
    </ClCompile>
    <ClCompile Include="Scene.cpp">
      <Filter>Scenes</Filter>
    </ClCompile>
    <ClCompile Include="GameTechRenderer.cpp">
      <Filter>Renderer</Filter>
    </ClCompile>
    <ClCompile Include="RenderObject.cpp">
      <Filter>Renderer</Filter>
    </ClCompile>
    <ClCompile Include="Transform.cpp">
      <Filter>Gameplay</Filter>
    </ClCompile>
    <ClCompile Include="GameObject.cpp">
      <Filter>Gameplay</Filter>
    </ClCompile>
    <ClCompile Include="GameWorld.cpp">
      <Filter>Gameplay</Filter>
    </ClCompile>
    <ClCompile Include="InputManager.cpp">
      <Filter>Tools</Filter>
    </ClCompile>
    <ClCompile Include="Console.cpp">
      <Filter>Tools</Filter>
    </ClCompile>
    <ClCompile Include="DebugMenu.cpp">
      <Filter>Tools</Filter>
    </ClCompile>
    <ClCompile Include="ScriptObject.cpp">
      <Filter>Gameplay</Filter>
    </ClCompile>
    <ClCompile Include="AudioEngine.cpp">
      <Filter>Audio</Filter>
    </ClCompile>
    <ClInclude Include="CubePrefab.h">
      <Filter>Prefabs</Filter>
    </ClInclude>
    <ClInclude Include="PlayerPrefab.h">
      <Filter>Prefabs</Filter>
    </ClInclude>
    <ClInclude Include="ResourcePrefab.h">
      <Filter>Prefabs</Filter>
    </ClInclude>
    <ClInclude Include="SpherePrefab.h">
      <Filter>Prefabs</Filter>
    </ClInclude>
    <ClInclude Include="Destructible.h">
      <Filter>Gameplay</Filter>
    </ClInclude>
    <ClInclude Include="LevelScene.h">
      <Filter>Scenes</Filter>
    </ClInclude>
    <ClInclude Include="WallPrefab.h">
      <Filter>Prefabs</Filter>
    </ClInclude>
    <ClInclude Include="StallPrefab.h">
      <Filter>Prefabs</Filter>
    </ClInclude>
    <ClInclude Include="TentPrefab.h">
      <Filter>Prefabs</Filter>
    </ClInclude>
    <ClInclude Include="MarketPrefab.h">
      <Filter>Prefabs</Filter>
    </ClInclude>
    <ClInclude Include="WellPrefab.h">
      <Filter>Prefabs</Filter>
    </ClInclude>
    <ClInclude Include="CastlePrefab.h">
      <Filter>Prefabs</Filter>
    </ClInclude>
    <ClInclude Include="TowerPrefab.h">
      <Filter>Prefabs</Filter>
    </ClInclude>
    <ClInclude Include="CannonPrefab.h">
      <Filter>Prefabs</Filter>
    </ClInclude>
    <ClInclude Include="DWallPrefab.h">
      <Filter>Prefabs</Filter>
    </ClInclude>
    <ClInclude Include="CartPrefab.h">
      <Filter>Prefabs</Filter>
    </ClInclude>
    <ClInclude Include="Game.h">
      <Filter>Engine</Filter>
    </ClInclude>
    <ClInclude Include="GameScene.h">
      <Filter>Scenes</Filter>
    </ClInclude>
    <ClInclude Include="Animator.h">
      <Filter>Gameplay</Filter>
    </ClInclude>
    <ClInclude Include="Component.h">
      <Filter>Gameplay</Filter>
    </ClInclude>
    <ClInclude Include="NetworkClient.h">
      <Filter>Networking</Filter>
    </ClInclude>
    <ClInclude Include="NetworkServer.h">
      <Filter>Networking</Filter>
    </ClInclude>
    <ClInclude Include="NetworkManager.h">
      <Filter>Networking</Filter>
    </ClInclude>
    <ClInclude Include="NetworkExampleScene.h">
      <Filter>Scenes</Filter>
    </ClInclude>
    <ClInclude Include="NetworkObject.h">
      <Filter>Networking</Filter>
    </ClInclude>
    <ClInclude Include="Destructible.h">
      <Filter>Scripts</Filter>
    </ClInclude>
    <ClInclude Include="HealthManager.h">
      <Filter>Scripts</Filter>
    </ClInclude>
    <ClInclude Include="NetworkPackets.h">
      <Filter>Networking</Filter>
    </ClInclude>
    <ClInclude Include="GunControl.h">
      <Filter>Scripts</Filter>
    </ClInclude>
    <ClInclude Include="HammerControl.h">
      <Filter>Scripts</Filter>
    </ClInclude>
    <ClInclude Include="ShieldControl.h">
      <Filter>Scripts</Filter>
    </ClInclude>
    <ClInclude Include="BigGunControl.h">
      <Filter>Scripts</Filter>
    </ClInclude>
    <ClInclude Include="CameraControl.h">
      <Filter>Scripts</Filter>
    </ClInclude>
    <ClInclude Include="DamageControl.h">
      <Filter>Scripts</Filter>
    </ClInclude>
    <ClInclude Include="Enemy.h">
      <Filter>Scripts</Filter>
    </ClInclude>
    <ClInclude Include="HealthManager.h">
      <Filter>Scripts</Filter>
    </ClInclude>
    <ClInclude Include="Player.h">
      <Filter>Scripts</Filter>
    </ClInclude>
    <ClInclude Include="Resource.h">
      <Filter>Scripts</Filter>
    </ClInclude>
    <ClInclude Include="AirStrikeControl.h">
      <Filter>Scripts</Filter>
    </ClInclude>
    <ClInclude Include="TypeId.h">
      <Filter>Engine</Filter>
    </ClInclude>
    <ClInclude Include="NetworkPackets.h">
      <Filter>Networking</Filter>
    </ClInclude>
    <ClInclude Include="State.h">
      <Filter>Tools</Filter>
    </ClInclude>
    <ClInclude Include="StateTransition.h">
      <Filter>Tools</Filter>
    </ClInclude>
    <ClInclude Include="StateMachine.h">
      <Filter>Tools</Filter>
    </ClInclude>
    <ClInclude Include="PauseMenu.h">
      <Filter>UI</Filter>
    </ClInclude>
    <ClInclude Include="MenuScene.h">
      <Filter>Scenes</Filter>
    </ClInclude>
    <ClInclude Include="FunctionTimerManager.h">
      <Filter>Engine</Filter>
    </ClInclude>
    <ClInclude Include="FunctionTimer.h">
      <Filter>Engine</Filter>
    </ClInclude>
    <ClInclude Include="ParticleSystem.h" />
    <ClInclude Include="ConePrefab.h">
      <Filter>Prefabs</Filter>
    </ClInclude>
    <ClInclude Include="CylinderPrefab.h">
      <Filter>Prefabs</Filter>
    </ClInclude>
  </ItemGroup>
  <ItemGroup>
    <ClInclude Include="Debug.h">
      <Filter>UI</Filter>
    </ClInclude>
    <ClInclude Include="HUD.h">
      <Filter>UI</Filter>
    </ClInclude>
    <ClInclude Include="HUDObject.h">
      <Filter>UI</Filter>
    </ClInclude>
    <ClInclude Include="CameraControl.h">
      <Filter>Gameplay</Filter>
    </ClInclude>
    <ClInclude Include="DamageControl.h">
      <Filter>Gameplay</Filter>
    </ClInclude>
    <ClInclude Include="Enemy.h">
      <Filter>Gameplay</Filter>
    </ClInclude>
    <ClInclude Include="HealthManager.h">
      <Filter>Gameplay</Filter>
    </ClInclude>
    <ClInclude Include="Player.h">
      <Filter>Gameplay</Filter>
    </ClInclude>
    <ClInclude Include="Resource.h">
      <Filter>Gameplay</Filter>
    </ClInclude>
    <ClInclude Include="Animation.h">
      <Filter>Gameplay</Filter>
    </ClInclude>
    <ClInclude Include="BulletPhysics.h">
      <Filter>Physics</Filter>
    </ClInclude>
    <ClInclude Include="PhysicsObject.h">
      <Filter>Physics</Filter>
    </ClInclude>
    <ClInclude Include="LayerAndTag.h">
      <Filter>Physics</Filter>
    </ClInclude>
    <ClInclude Include="ExampleScene.h">
      <Filter>Scenes</Filter>
    </ClInclude>
    <ClInclude Include="PhysicsScene.h">
      <Filter>Scenes</Filter>
    </ClInclude>
    <ClInclude Include="Scene.h">
      <Filter>Scenes</Filter>
    </ClInclude>
    <ClInclude Include="Light.h">
      <Filter>Renderer</Filter>
    </ClInclude>
    <ClInclude Include="GameTechRenderer.h">
      <Filter>Renderer</Filter>
    </ClInclude>
    <ClInclude Include="RenderObject.h">
      <Filter>Renderer</Filter>
    </ClInclude>
    <ClInclude Include="Transform.h">
      <Filter>Gameplay</Filter>
    </ClInclude>
    <ClInclude Include="GameObject.h">
      <Filter>Gameplay</Filter>
    </ClInclude>
    <ClInclude Include="GameWorld.h">
      <Filter>Gameplay</Filter>
    </ClInclude>
    <ClInclude Include="InputManager.h">
      <Filter>Tools</Filter>
    </ClInclude>
    <ClInclude Include="Console.h">
      <Filter>Tools</Filter>
    </ClInclude>
    <ClInclude Include="DebugMenu.h">
      <Filter>Tools</Filter>
    </ClInclude>
    <ClInclude Include="ScriptObject.h">
      <Filter>Gameplay</Filter>
    </ClInclude>
    <ClInclude Include="AudioEngine.h">
      <Filter>Audio</Filter>
    </ClInclude>
  </ItemGroup>
  <ItemGroup>
    <Filter Include="UI">
      <UniqueIdentifier>{65185d74-661f-44bf-a15c-da10dd11a234}</UniqueIdentifier>
    </Filter>
    <Filter Include="Gameplay">
      <UniqueIdentifier>{29a05a70-3273-440e-9e90-2bbd34176227}</UniqueIdentifier>
    </Filter>
    <Filter Include="Physics">
      <UniqueIdentifier>{a7768226-a3cd-4f3d-9786-9bb882951e5b}</UniqueIdentifier>
    </Filter>
    <Filter Include="Scenes">
      <UniqueIdentifier>{7cac2c00-a07f-4124-843d-4dec22310e6b}</UniqueIdentifier>
    </Filter>
    <Filter Include="Renderer">
      <UniqueIdentifier>{16844d55-9d89-4aa1-9b52-fb2595c310ec}</UniqueIdentifier>
    </Filter>
    <Filter Include="Tools">
      <UniqueIdentifier>{a0406ac3-d37e-4681-8652-768347c6e481}</UniqueIdentifier>
    </Filter>
    <Filter Include="Audio">
      <UniqueIdentifier>{e15e6ec5-41e1-418c-9a73-ee1d18bff769}</UniqueIdentifier>
    </Filter>
    <Filter Include="Prefabs">
      <UniqueIdentifier>{3a1915d8-f7c4-42ae-adbe-08b929077eee}</UniqueIdentifier>
    </Filter>
    <Filter Include="Engine">
      <UniqueIdentifier>{55e56cd0-acdf-4143-99ae-ffd4927a11a1}</UniqueIdentifier>
    </Filter>
    <Filter Include="Networking">
      <UniqueIdentifier>{11e2310b-94fb-48e3-aa13-890cfe87676c}</UniqueIdentifier>
    </Filter>
    <Filter Include="Scripts">
      <UniqueIdentifier>{3e44d952-a9c6-49b9-877c-29494319c9bf}</UniqueIdentifier>
    </Filter>
  </ItemGroup>
</Project>