<?xml version="1.0" encoding="utf-8"?>
<Project ToolsVersion="4.0" xmlns="http://schemas.microsoft.com/developer/msbuild/2003">
  <ItemGroup>
    <Filter Include="Source Files">
      <UniqueIdentifier>{4FC737F1-C7A5-4376-A066-2A32D752A2FF}</UniqueIdentifier>
      <Extensions>cpp;c;cc;cxx;def;odl;idl;hpj;bat;asm;asmx</Extensions>
    </Filter>
    <Filter Include="Header Files">
      <UniqueIdentifier>{93995380-89BD-4b04-88EB-625FBE52EBFB}</UniqueIdentifier>
      <Extensions>h;hh;hpp;hxx;hm;inl;inc;xsd</Extensions>
    </Filter>
    <Filter Include="Scripts">
      <UniqueIdentifier>{7ba694c3-35aa-497d-bd5d-364f79bd83e8}</UniqueIdentifier>
    </Filter>
    <Filter Include="Scenes">
      <UniqueIdentifier>{d51b9ff3-8054-4142-8dcc-9716a96e57ea}</UniqueIdentifier>
    </Filter>
    <Filter Include="Physics">
      <UniqueIdentifier>{b8d82ce0-f790-42f5-85a0-fdc82c1845ef}</UniqueIdentifier>
    </Filter>
    <Filter Include="UI">
      <UniqueIdentifier>{ea1036a1-5381-4f4d-bb84-1d08c002da3f}</UniqueIdentifier>
    </Filter>
    <Filter Include="GameplayTools">
      <UniqueIdentifier>{e45761f4-5c3f-4268-9422-8d0f3f4a26cb}</UniqueIdentifier>
    </Filter>
    <Filter Include="Rendering">
      <UniqueIdentifier>{794ac502-dedb-47d1-9138-d83fcb0b244a}</UniqueIdentifier>
    </Filter>
  </ItemGroup>
  <ItemGroup>
    <ClCompile Include="Main.cpp">
      <Filter>Source Files</Filter>
    </ClCompile>
    <ClCompile Include="GameTechRenderer.cpp">
      <Filter>Source Files</Filter>
    </ClCompile>
    <ClCompile Include="utils.cpp">
      <Filter>Source Files</Filter>
    </ClCompile>
    <ClCompile Include="HUD.cpp">
      <Filter>Source Files</Filter>
    </ClCompile>
    <ClCompile Include="InputManager.cpp">
      <Filter>Source Files</Filter>
    </ClCompile>
    <ClCompile Include="LayerAndTag.cpp">
      <Filter>Source Files</Filter>
    </ClCompile>
    <ClCompile Include="GameWorld.cpp">
      <Filter>Source Files</Filter>
    </ClCompile>
    <ClCompile Include="GameObject.cpp">
      <Filter>Source Files</Filter>
    </ClCompile>
    <ClCompile Include="Enemy.cpp">
      <Filter>Scripts</Filter>
    </ClCompile>
    <ClCompile Include="Destructable.cpp">
      <Filter>Scripts</Filter>
    </ClCompile>
    <ClCompile Include="InputManager.cpp">
      <Filter>Source Files</Filter>
    </ClCompile>
    <ClCompile Include="Player.cpp">
      <Filter>Scripts</Filter>
    </ClCompile>
    <ClCompile Include="Resource.cpp">
      <Filter>Scripts</Filter>
    </ClCompile>
    <ClCompile Include="Transform.cpp">
      <Filter>Source Files</Filter>
    </ClCompile>
    <ClCompile Include="ExampleScene.cpp">
      <Filter>Scenes</Filter>
    </ClCompile>
    <ClCompile Include="PhysicsScene.cpp">
      <Filter>Scenes</Filter>
    </ClCompile>
    <ClCompile Include="Scene.cpp">
      <Filter>Scenes</Filter>
    </ClCompile>
    <ClCompile Include="Console.cpp">
      <Filter>UI</Filter>
    </ClCompile>
    <ClCompile Include="HUD.cpp">
      <Filter>UI</Filter>
    </ClCompile>
    <ClCompile Include="DebugMenu.cpp">
      <Filter>UI</Filter>
    </ClCompile>
    <ClCompile Include="LayerAndTag.cpp">
      <Filter>GameplayTools</Filter>
    </ClCompile>
    <ClCompile Include="InputManager.cpp">
      <Filter>GameplayTools</Filter>
    </ClCompile>
    <ClCompile Include="Animation.cpp">
      <Filter>GameplayTools</Filter>
    <ClCompile Include="..\GameTechCommon\BulletPhysics.cpp">
      <Filter>Source Files</Filter>
    </ClCompile>
    <ClCompile Include="ExampleScene.cpp">
      <Filter>Source Files</Filter>
    </ClCompile>
    <ClCompile Include="CameraControl.cpp">
      <Filter>Scripts</Filter>
    </ClCompile>
    <ClCompile Include="BulletPhysics.cpp">
      <Filter>Physics</Filter>
    </ClCompile>
    <ClCompile Include="RenderObject.cpp">
      <Filter>Source Files</Filter>
    </ClCompile>
    <ClCompile Include="Debug.cpp">
      <Filter>Source Files</Filter>
    </ClCompile>
    <ClCompile Include="PhysicsObject.cpp">
      <Filter>Physics</Filter>
    </ClCompile>
    <ClCompile Include="DamageControl.cpp">
      <Filter>Scripts</Filter>
    </ClCompile>
    <ClCompile Include="HealthManager.cpp">
      <Filter>Scripts</Filter>
    </ClCompile>
    <ClCompile Include="HUDObject.cpp">
      <Filter>UI</Filter>
    </ClCompile>
  </ItemGroup>
  <ItemGroup>
    <ClInclude Include="GameTechRenderer.h">
      <Filter>Header Files</Filter>
    </ClInclude>
    <ClInclude Include="utils.h">
      <Filter>Header Files</Filter>
    </ClInclude>
    <ClInclude Include="HUD.h">
      <Filter>Header Files</Filter>
    </ClInclude>
    <ClInclude Include="InputManager.h">
      <Filter>Header Files</Filter>
    </ClInclude>
    <ClInclude Include="LayerAndTag.h">
      <Filter>Header Files</Filter>
    </ClInclude>
    <ClInclude Include="GameWorld.h">
      <Filter>Header Files</Filter>
    </ClInclude>
    <ClInclude Include="GameObject.h">
      <Filter>Header Files</Filter>
    </ClInclude>
    <ClInclude Include="InputManager.h">
      <Filter>Header Files</Filter>
    </ClInclude>
    <ClInclude Include="Enemy.h">
      <Filter>Scripts</Filter>
    </ClInclude>
    <ClInclude Include="Player.h">
      <Filter>Scripts</Filter>
    </ClInclude>
    <ClInclude Include="Resource.h">
      <Filter>Scripts</Filter>
    </ClInclude>
    <ClInclude Include="Destructable.h">
      <Filter>Scripts</Filter>
    </ClInclude>
    <ClInclude Include="Transform.h">
      <Filter>Header Files</Filter>
    </ClInclude>
    <ClInclude Include="ExampleScene.h">
      <Filter>Scenes</Filter>
    </ClInclude>
    <ClInclude Include="PhysicsScene.h">
      <Filter>Scenes</Filter>
    </ClInclude>
    <ClInclude Include="Scene.h">
      <Filter>Scenes</Filter>
    </ClInclude>
    <ClInclude Include="Console.h">
      <Filter>UI</Filter>
    </ClInclude>
    <ClInclude Include="DebugMenu.h">
      <Filter>UI</Filter>
    </ClInclude>
    <ClInclude Include="HUD.h">
      <Filter>UI</Filter>
    </ClInclude>
    <ClInclude Include="LayerAndTag.h">
      <Filter>GameplayTools</Filter>
    </ClInclude>
    <ClInclude Include="InputManager.h">
      <Filter>GameplayTools</Filter>
    </ClInclude>
    <ClInclude Include="Animation.h">
      <Filter>GameplayTools</Filter>
    <ClInclude Include="..\GameTechCommon\BulletPhysics.h">
      <Filter>Header Files</Filter>
    </ClInclude>
    <ClInclude Include="ExampleScene.h">
      <Filter>Header Files</Filter>
    </ClInclude>
    <ClInclude Include="CameraControl.h">
      <Filter>Scripts</Filter>
    </ClInclude>
    <ClInclude Include="BulletPhysics.h">
      <Filter>Physics</Filter>
    </ClInclude>
    <ClInclude Include="RenderObject.h">
      <Filter>Header Files</Filter>
    </ClInclude>
    <ClInclude Include="Debug.h">
      <Filter>Header Files</Filter>
    </ClInclude>
    <ClInclude Include="PhysicsObject.h">
      <Filter>Physics</Filter>
    </ClInclude>
    <ClInclude Include="Light.h">
      <Filter>Rendering</Filter>
    </ClInclude>
    <ClInclude Include="HUDObject.h">
      <Filter>UI</Filter>
    </ClInclude>
    <ClInclude Include="DamageControl.h">
      <Filter>Scripts</Filter>
    </ClInclude>
    <ClInclude Include="HealthManager.h">
      <Filter>Scripts</Filter>
    </ClInclude>
  </ItemGroup>
</Project>